// !$*UTF8*$!
{
	archiveVersion = 1;
	classes = {
	};
	objectVersion = 50;
	objects = {

/* Begin PBXBuildFile section */
		55485902227D886000754AA9 /* AppDelegate.swift in Sources */ = {isa = PBXBuildFile; fileRef = 55485901227D886000754AA9 /* AppDelegate.swift */; };
		55485904227D886000754AA9 /* ViewController.swift in Sources */ = {isa = PBXBuildFile; fileRef = 55485903227D886000754AA9 /* ViewController.swift */; };
		55485906227D886100754AA9 /* Assets.xcassets in Resources */ = {isa = PBXBuildFile; fileRef = 55485905227D886100754AA9 /* Assets.xcassets */; };
		55485909227D886100754AA9 /* Main.storyboard in Resources */ = {isa = PBXBuildFile; fileRef = 55485907227D886100754AA9 /* Main.storyboard */; };
		55485915227D886100754AA9 /* LightSwitchTests.swift in Sources */ = {isa = PBXBuildFile; fileRef = 55485914227D886100754AA9 /* LightSwitchTests.swift */; };
		55485920227D886100754AA9 /* LightSwitchUITests.swift in Sources */ = {isa = PBXBuildFile; fileRef = 5548591F227D886100754AA9 /* LightSwitchUITests.swift */; };
/* End PBXBuildFile section */

/* Begin PBXContainerItemProxy section */
		55485911227D886100754AA9 /* PBXContainerItemProxy */ = {
			isa = PBXContainerItemProxy;
			containerPortal = 554858F6227D885F00754AA9 /* Project object */;
			proxyType = 1;
			remoteGlobalIDString = 554858FD227D885F00754AA9;
			remoteInfo = LightSwitch;
		};
		5548591C227D886100754AA9 /* PBXContainerItemProxy */ = {
			isa = PBXContainerItemProxy;
			containerPortal = 554858F6227D885F00754AA9 /* Project object */;
			proxyType = 1;
			remoteGlobalIDString = 554858FD227D885F00754AA9;
			remoteInfo = LightSwitch;
		};
/* End PBXContainerItemProxy section */

/* Begin PBXFileReference section */
		554858FE227D886000754AA9 /* LightSwitch.app */ = {isa = PBXFileReference; explicitFileType = wrapper.application; includeInIndex = 0; path = LightSwitch.app; sourceTree = BUILT_PRODUCTS_DIR; };
		55485901227D886000754AA9 /* AppDelegate.swift */ = {isa = PBXFileReference; lastKnownFileType = sourcecode.swift; path = AppDelegate.swift; sourceTree = "<group>"; };
		55485903227D886000754AA9 /* ViewController.swift */ = {isa = PBXFileReference; lastKnownFileType = sourcecode.swift; path = ViewController.swift; sourceTree = "<group>"; };
		55485905227D886100754AA9 /* Assets.xcassets */ = {isa = PBXFileReference; lastKnownFileType = folder.assetcatalog; path = Assets.xcassets; sourceTree = "<group>"; };
		55485908227D886100754AA9 /* Base */ = {isa = PBXFileReference; lastKnownFileType = file.storyboard; name = Base; path = Base.lproj/Main.storyboard; sourceTree = "<group>"; };
		5548590A227D886100754AA9 /* Info.plist */ = {isa = PBXFileReference; lastKnownFileType = text.plist.xml; path = Info.plist; sourceTree = "<group>"; };
		5548590B227D886100754AA9 /* LightSwitch.entitlements */ = {isa = PBXFileReference; lastKnownFileType = text.plist.entitlements; path = LightSwitch.entitlements; sourceTree = "<group>"; };
		55485910227D886100754AA9 /* LightSwitchTests.xctest */ = {isa = PBXFileReference; explicitFileType = wrapper.cfbundle; includeInIndex = 0; path = LightSwitchTests.xctest; sourceTree = BUILT_PRODUCTS_DIR; };
		55485914227D886100754AA9 /* LightSwitchTests.swift */ = {isa = PBXFileReference; lastKnownFileType = sourcecode.swift; path = LightSwitchTests.swift; sourceTree = "<group>"; };
		55485916227D886100754AA9 /* Info.plist */ = {isa = PBXFileReference; lastKnownFileType = text.plist.xml; path = Info.plist; sourceTree = "<group>"; };
		5548591B227D886100754AA9 /* LightSwitchUITests.xctest */ = {isa = PBXFileReference; explicitFileType = wrapper.cfbundle; includeInIndex = 0; path = LightSwitchUITests.xctest; sourceTree = BUILT_PRODUCTS_DIR; };
		5548591F227D886100754AA9 /* LightSwitchUITests.swift */ = {isa = PBXFileReference; lastKnownFileType = sourcecode.swift; path = LightSwitchUITests.swift; sourceTree = "<group>"; };
		55485921227D886100754AA9 /* Info.plist */ = {isa = PBXFileReference; lastKnownFileType = text.plist.xml; path = Info.plist; sourceTree = "<group>"; };
/* End PBXFileReference section */

/* Begin PBXFrameworksBuildPhase section */
		554858FB227D885F00754AA9 /* Frameworks */ = {
			isa = PBXFrameworksBuildPhase;
			buildActionMask = 2147483647;
			files = (
			);
			runOnlyForDeploymentPostprocessing = 0;
		};
		5548590D227D886100754AA9 /* Frameworks */ = {
			isa = PBXFrameworksBuildPhase;
			buildActionMask = 2147483647;
			files = (
			);
			runOnlyForDeploymentPostprocessing = 0;
		};
		55485918227D886100754AA9 /* Frameworks */ = {
			isa = PBXFrameworksBuildPhase;
			buildActionMask = 2147483647;
			files = (
			);
			runOnlyForDeploymentPostprocessing = 0;
		};
/* End PBXFrameworksBuildPhase section */

/* Begin PBXGroup section */
		554858F5227D885F00754AA9 = {
			isa = PBXGroup;
			children = (
				55485900227D886000754AA9 /* LightSwitch */,
				55485913227D886100754AA9 /* LightSwitchTests */,
				5548591E227D886100754AA9 /* LightSwitchUITests */,
				554858FF227D886000754AA9 /* Products */,
			);
			sourceTree = "<group>";
		};
		554858FF227D886000754AA9 /* Products */ = {
			isa = PBXGroup;
			children = (
				554858FE227D886000754AA9 /* LightSwitch.app */,
				55485910227D886100754AA9 /* LightSwitchTests.xctest */,
				5548591B227D886100754AA9 /* LightSwitchUITests.xctest */,
			);
			name = Products;
			sourceTree = "<group>";
		};
		55485900227D886000754AA9 /* LightSwitch */ = {
			isa = PBXGroup;
			children = (
				55485901227D886000754AA9 /* AppDelegate.swift */,
				55485903227D886000754AA9 /* ViewController.swift */,
				55485905227D886100754AA9 /* Assets.xcassets */,
				55485907227D886100754AA9 /* Main.storyboard */,
				5548590A227D886100754AA9 /* Info.plist */,
				5548590B227D886100754AA9 /* LightSwitch.entitlements */,
			);
			path = LightSwitch;
			sourceTree = "<group>";
		};
		55485913227D886100754AA9 /* LightSwitchTests */ = {
			isa = PBXGroup;
			children = (
				55485914227D886100754AA9 /* LightSwitchTests.swift */,
				55485916227D886100754AA9 /* Info.plist */,
			);
			path = LightSwitchTests;
			sourceTree = "<group>";
		};
		5548591E227D886100754AA9 /* LightSwitchUITests */ = {
			isa = PBXGroup;
			children = (
				5548591F227D886100754AA9 /* LightSwitchUITests.swift */,
				55485921227D886100754AA9 /* Info.plist */,
			);
			path = LightSwitchUITests;
			sourceTree = "<group>";
		};
/* End PBXGroup section */

/* Begin PBXNativeTarget section */
		554858FD227D885F00754AA9 /* LightSwitch */ = {
			isa = PBXNativeTarget;
			buildConfigurationList = 55485924227D886100754AA9 /* Build configuration list for PBXNativeTarget "LightSwitch" */;
			buildPhases = (
				554858FA227D885F00754AA9 /* Sources */,
				554858FB227D885F00754AA9 /* Frameworks */,
				554858FC227D885F00754AA9 /* Resources */,
			);
			buildRules = (
			);
			dependencies = (
			);
			name = LightSwitch;
			productName = LightSwitch;
			productReference = 554858FE227D886000754AA9 /* LightSwitch.app */;
			productType = "com.apple.product-type.application";
		};
		5548590F227D886100754AA9 /* LightSwitchTests */ = {
			isa = PBXNativeTarget;
			buildConfigurationList = 55485927227D886100754AA9 /* Build configuration list for PBXNativeTarget "LightSwitchTests" */;
			buildPhases = (
				5548590C227D886100754AA9 /* Sources */,
				5548590D227D886100754AA9 /* Frameworks */,
				5548590E227D886100754AA9 /* Resources */,
			);
			buildRules = (
			);
			dependencies = (
				55485912227D886100754AA9 /* PBXTargetDependency */,
			);
			name = LightSwitchTests;
			productName = LightSwitchTests;
			productReference = 55485910227D886100754AA9 /* LightSwitchTests.xctest */;
			productType = "com.apple.product-type.bundle.unit-test";
		};
		5548591A227D886100754AA9 /* LightSwitchUITests */ = {
			isa = PBXNativeTarget;
			buildConfigurationList = 5548592A227D886100754AA9 /* Build configuration list for PBXNativeTarget "LightSwitchUITests" */;
			buildPhases = (
				55485917227D886100754AA9 /* Sources */,
				55485918227D886100754AA9 /* Frameworks */,
				55485919227D886100754AA9 /* Resources */,
			);
			buildRules = (
			);
			dependencies = (
				5548591D227D886100754AA9 /* PBXTargetDependency */,
			);
			name = LightSwitchUITests;
			productName = LightSwitchUITests;
			productReference = 5548591B227D886100754AA9 /* LightSwitchUITests.xctest */;
			productType = "com.apple.product-type.bundle.ui-testing";
		};
/* End PBXNativeTarget section */

/* Begin PBXProject section */
		554858F6227D885F00754AA9 /* Project object */ = {
			isa = PBXProject;
			attributes = {
				LastSwiftUpdateCheck = 1020;
				LastUpgradeCheck = 1020;
				ORGANIZATIONNAME = "Oscar Nord";
				TargetAttributes = {
					554858FD227D885F00754AA9 = {
						CreatedOnToolsVersion = 10.2.1;
						SystemCapabilities = {
							com.apple.Sandbox = {
								enabled = 0;
							};
						};
					};
					5548590F227D886100754AA9 = {
						CreatedOnToolsVersion = 10.2.1;
						TestTargetID = 554858FD227D885F00754AA9;
					};
					5548591A227D886100754AA9 = {
						CreatedOnToolsVersion = 10.2.1;
						TestTargetID = 554858FD227D885F00754AA9;
					};
				};
			};
			buildConfigurationList = 554858F9227D885F00754AA9 /* Build configuration list for PBXProject "LightSwitch" */;
			compatibilityVersion = "Xcode 9.3";
			developmentRegion = en;
			hasScannedForEncodings = 0;
			knownRegions = (
				en,
				Base,
			);
			mainGroup = 554858F5227D885F00754AA9;
			productRefGroup = 554858FF227D886000754AA9 /* Products */;
			projectDirPath = "";
			projectRoot = "";
			targets = (
				554858FD227D885F00754AA9 /* LightSwitch */,
				5548590F227D886100754AA9 /* LightSwitchTests */,
				5548591A227D886100754AA9 /* LightSwitchUITests */,
			);
		};
/* End PBXProject section */

/* Begin PBXResourcesBuildPhase section */
		554858FC227D885F00754AA9 /* Resources */ = {
			isa = PBXResourcesBuildPhase;
			buildActionMask = 2147483647;
			files = (
				55485906227D886100754AA9 /* Assets.xcassets in Resources */,
				55485909227D886100754AA9 /* Main.storyboard in Resources */,
			);
			runOnlyForDeploymentPostprocessing = 0;
		};
		5548590E227D886100754AA9 /* Resources */ = {
			isa = PBXResourcesBuildPhase;
			buildActionMask = 2147483647;
			files = (
			);
			runOnlyForDeploymentPostprocessing = 0;
		};
		55485919227D886100754AA9 /* Resources */ = {
			isa = PBXResourcesBuildPhase;
			buildActionMask = 2147483647;
			files = (
			);
			runOnlyForDeploymentPostprocessing = 0;
		};
/* End PBXResourcesBuildPhase section */

/* Begin PBXSourcesBuildPhase section */
		554858FA227D885F00754AA9 /* Sources */ = {
			isa = PBXSourcesBuildPhase;
			buildActionMask = 2147483647;
			files = (
				55485904227D886000754AA9 /* ViewController.swift in Sources */,
				55485902227D886000754AA9 /* AppDelegate.swift in Sources */,
			);
			runOnlyForDeploymentPostprocessing = 0;
		};
		5548590C227D886100754AA9 /* Sources */ = {
			isa = PBXSourcesBuildPhase;
			buildActionMask = 2147483647;
			files = (
				55485915227D886100754AA9 /* LightSwitchTests.swift in Sources */,
			);
			runOnlyForDeploymentPostprocessing = 0;
		};
		55485917227D886100754AA9 /* Sources */ = {
			isa = PBXSourcesBuildPhase;
			buildActionMask = 2147483647;
			files = (
				55485920227D886100754AA9 /* LightSwitchUITests.swift in Sources */,
			);
			runOnlyForDeploymentPostprocessing = 0;
		};
/* End PBXSourcesBuildPhase section */

/* Begin PBXTargetDependency section */
		55485912227D886100754AA9 /* PBXTargetDependency */ = {
			isa = PBXTargetDependency;
			target = 554858FD227D885F00754AA9 /* LightSwitch */;
			targetProxy = 55485911227D886100754AA9 /* PBXContainerItemProxy */;
		};
		5548591D227D886100754AA9 /* PBXTargetDependency */ = {
			isa = PBXTargetDependency;
			target = 554858FD227D885F00754AA9 /* LightSwitch */;
			targetProxy = 5548591C227D886100754AA9 /* PBXContainerItemProxy */;
		};
/* End PBXTargetDependency section */

/* Begin PBXVariantGroup section */
		55485907227D886100754AA9 /* Main.storyboard */ = {
			isa = PBXVariantGroup;
			children = (
				55485908227D886100754AA9 /* Base */,
			);
			name = Main.storyboard;
			sourceTree = "<group>";
		};
/* End PBXVariantGroup section */

/* Begin XCBuildConfiguration section */
		55485922227D886100754AA9 /* Debug */ = {
			isa = XCBuildConfiguration;
			buildSettings = {
				ALWAYS_SEARCH_USER_PATHS = NO;
				CLANG_ANALYZER_NONNULL = YES;
				CLANG_ANALYZER_NUMBER_OBJECT_CONVERSION = YES_AGGRESSIVE;
				CLANG_CXX_LANGUAGE_STANDARD = "gnu++14";
				CLANG_CXX_LIBRARY = "libc++";
				CLANG_ENABLE_MODULES = YES;
				CLANG_ENABLE_OBJC_ARC = YES;
				CLANG_ENABLE_OBJC_WEAK = YES;
				CLANG_WARN_BLOCK_CAPTURE_AUTORELEASING = YES;
				CLANG_WARN_BOOL_CONVERSION = YES;
				CLANG_WARN_COMMA = YES;
				CLANG_WARN_CONSTANT_CONVERSION = YES;
				CLANG_WARN_DEPRECATED_OBJC_IMPLEMENTATIONS = YES;
				CLANG_WARN_DIRECT_OBJC_ISA_USAGE = YES_ERROR;
				CLANG_WARN_DOCUMENTATION_COMMENTS = YES;
				CLANG_WARN_EMPTY_BODY = YES;
				CLANG_WARN_ENUM_CONVERSION = YES;
				CLANG_WARN_INFINITE_RECURSION = YES;
				CLANG_WARN_INT_CONVERSION = YES;
				CLANG_WARN_NON_LITERAL_NULL_CONVERSION = YES;
				CLANG_WARN_OBJC_IMPLICIT_RETAIN_SELF = YES;
				CLANG_WARN_OBJC_LITERAL_CONVERSION = YES;
				CLANG_WARN_OBJC_ROOT_CLASS = YES_ERROR;
				CLANG_WARN_RANGE_LOOP_ANALYSIS = YES;
				CLANG_WARN_STRICT_PROTOTYPES = YES;
				CLANG_WARN_SUSPICIOUS_MOVE = YES;
				CLANG_WARN_UNGUARDED_AVAILABILITY = YES_AGGRESSIVE;
				CLANG_WARN_UNREACHABLE_CODE = YES;
				CLANG_WARN__DUPLICATE_METHOD_MATCH = YES;
				CODE_SIGN_IDENTITY = "Mac Developer";
				COPY_PHASE_STRIP = NO;
				DEBUG_INFORMATION_FORMAT = dwarf;
				ENABLE_STRICT_OBJC_MSGSEND = YES;
				ENABLE_TESTABILITY = YES;
				GCC_C_LANGUAGE_STANDARD = gnu11;
				GCC_DYNAMIC_NO_PIC = NO;
				GCC_NO_COMMON_BLOCKS = YES;
				GCC_OPTIMIZATION_LEVEL = 0;
				GCC_PREPROCESSOR_DEFINITIONS = (
					"DEBUG=1",
					"$(inherited)",
				);
				GCC_WARN_64_TO_32_BIT_CONVERSION = YES;
				GCC_WARN_ABOUT_RETURN_TYPE = YES_ERROR;
				GCC_WARN_UNDECLARED_SELECTOR = YES;
				GCC_WARN_UNINITIALIZED_AUTOS = YES_AGGRESSIVE;
				GCC_WARN_UNUSED_FUNCTION = YES;
				GCC_WARN_UNUSED_VARIABLE = YES;
				MACOSX_DEPLOYMENT_TARGET = 10.14;
				MTL_ENABLE_DEBUG_INFO = INCLUDE_SOURCE;
				MTL_FAST_MATH = YES;
				ONLY_ACTIVE_ARCH = YES;
				SDKROOT = macosx;
				SWIFT_ACTIVE_COMPILATION_CONDITIONS = DEBUG;
				SWIFT_OPTIMIZATION_LEVEL = "-Onone";
			};
			name = Debug;
		};
		55485923227D886100754AA9 /* Release */ = {
			isa = XCBuildConfiguration;
			buildSettings = {
				ALWAYS_SEARCH_USER_PATHS = NO;
				CLANG_ANALYZER_NONNULL = YES;
				CLANG_ANALYZER_NUMBER_OBJECT_CONVERSION = YES_AGGRESSIVE;
				CLANG_CXX_LANGUAGE_STANDARD = "gnu++14";
				CLANG_CXX_LIBRARY = "libc++";
				CLANG_ENABLE_MODULES = YES;
				CLANG_ENABLE_OBJC_ARC = YES;
				CLANG_ENABLE_OBJC_WEAK = YES;
				CLANG_WARN_BLOCK_CAPTURE_AUTORELEASING = YES;
				CLANG_WARN_BOOL_CONVERSION = YES;
				CLANG_WARN_COMMA = YES;
				CLANG_WARN_CONSTANT_CONVERSION = YES;
				CLANG_WARN_DEPRECATED_OBJC_IMPLEMENTATIONS = YES;
				CLANG_WARN_DIRECT_OBJC_ISA_USAGE = YES_ERROR;
				CLANG_WARN_DOCUMENTATION_COMMENTS = YES;
				CLANG_WARN_EMPTY_BODY = YES;
				CLANG_WARN_ENUM_CONVERSION = YES;
				CLANG_WARN_INFINITE_RECURSION = YES;
				CLANG_WARN_INT_CONVERSION = YES;
				CLANG_WARN_NON_LITERAL_NULL_CONVERSION = YES;
				CLANG_WARN_OBJC_IMPLICIT_RETAIN_SELF = YES;
				CLANG_WARN_OBJC_LITERAL_CONVERSION = YES;
				CLANG_WARN_OBJC_ROOT_CLASS = YES_ERROR;
				CLANG_WARN_RANGE_LOOP_ANALYSIS = YES;
				CLANG_WARN_STRICT_PROTOTYPES = YES;
				CLANG_WARN_SUSPICIOUS_MOVE = YES;
				CLANG_WARN_UNGUARDED_AVAILABILITY = YES_AGGRESSIVE;
				CLANG_WARN_UNREACHABLE_CODE = YES;
				CLANG_WARN__DUPLICATE_METHOD_MATCH = YES;
				CODE_SIGN_IDENTITY = "Mac Developer";
				COPY_PHASE_STRIP = NO;
				DEBUG_INFORMATION_FORMAT = "dwarf-with-dsym";
				ENABLE_NS_ASSERTIONS = NO;
				ENABLE_STRICT_OBJC_MSGSEND = YES;
				GCC_C_LANGUAGE_STANDARD = gnu11;
				GCC_NO_COMMON_BLOCKS = YES;
				GCC_WARN_64_TO_32_BIT_CONVERSION = YES;
				GCC_WARN_ABOUT_RETURN_TYPE = YES_ERROR;
				GCC_WARN_UNDECLARED_SELECTOR = YES;
				GCC_WARN_UNINITIALIZED_AUTOS = YES_AGGRESSIVE;
				GCC_WARN_UNUSED_FUNCTION = YES;
				GCC_WARN_UNUSED_VARIABLE = YES;
				MACOSX_DEPLOYMENT_TARGET = 10.14;
				MTL_ENABLE_DEBUG_INFO = NO;
				MTL_FAST_MATH = YES;
				SDKROOT = macosx;
				SWIFT_COMPILATION_MODE = wholemodule;
				SWIFT_OPTIMIZATION_LEVEL = "-O";
			};
			name = Release;
		};
		55485925227D886100754AA9 /* Debug */ = {
			isa = XCBuildConfiguration;
			buildSettings = {
				ASSETCATALOG_COMPILER_APPICON_NAME = AppIcon;
				CODE_SIGN_ENTITLEMENTS = LightSwitch/LightSwitch.entitlements;
				CODE_SIGN_STYLE = Automatic;
				COMBINE_HIDPI_IMAGES = YES;
				DEVELOPMENT_TEAM = 9JFT83BZMT;
				INFOPLIST_FILE = LightSwitch/Info.plist;
				LD_RUNPATH_SEARCH_PATHS = (
					"$(inherited)",
					"@executable_path/../Frameworks",
				);
				PRODUCT_BUNDLE_IDENTIFIER = com.oscarnord.LightSwitch;
				PRODUCT_NAME = "$(TARGET_NAME)";
				SWIFT_VERSION = 5.0;
			};
			name = Debug;
		};
		55485926227D886100754AA9 /* Release */ = {
			isa = XCBuildConfiguration;
			buildSettings = {
				ASSETCATALOG_COMPILER_APPICON_NAME = AppIcon;
				CODE_SIGN_ENTITLEMENTS = LightSwitch/LightSwitch.entitlements;
				CODE_SIGN_STYLE = Automatic;
				COMBINE_HIDPI_IMAGES = YES;
				DEVELOPMENT_TEAM = 9JFT83BZMT;
				INFOPLIST_FILE = LightSwitch/Info.plist;
				LD_RUNPATH_SEARCH_PATHS = (
					"$(inherited)",
					"@executable_path/../Frameworks",
				);
				PRODUCT_BUNDLE_IDENTIFIER = com.oscarnord.LightSwitch;
				PRODUCT_NAME = "$(TARGET_NAME)";
				SWIFT_VERSION = 5.0;
			};
			name = Release;
		};
		55485928227D886100754AA9 /* Debug */ = {
			isa = XCBuildConfiguration;
			buildSettings = {
				ALWAYS_EMBED_SWIFT_STANDARD_LIBRARIES = YES;
				BUNDLE_LOADER = "$(TEST_HOST)";
				CODE_SIGN_STYLE = Automatic;
				COMBINE_HIDPI_IMAGES = YES;
				DEVELOPMENT_TEAM = 9JFT83BZMT;
				INFOPLIST_FILE = LightSwitchTests/Info.plist;
				LD_RUNPATH_SEARCH_PATHS = (
					"$(inherited)",
					"@executable_path/../Frameworks",
					"@loader_path/../Frameworks",
				);
				PRODUCT_BUNDLE_IDENTIFIER = com.oscarnord.LightSwitchTests;
				PRODUCT_NAME = "$(TARGET_NAME)";
				SWIFT_VERSION = 5.0;
				TEST_HOST = "$(BUILT_PRODUCTS_DIR)/LightSwitch.app/Contents/MacOS/LightSwitch";
			};
			name = Debug;
		};
		55485929227D886100754AA9 /* Release */ = {
			isa = XCBuildConfiguration;
			buildSettings = {
				ALWAYS_EMBED_SWIFT_STANDARD_LIBRARIES = YES;
				BUNDLE_LOADER = "$(TEST_HOST)";
				CODE_SIGN_STYLE = Automatic;
				COMBINE_HIDPI_IMAGES = YES;
				DEVELOPMENT_TEAM = 9JFT83BZMT;
				INFOPLIST_FILE = LightSwitchTests/Info.plist;
				LD_RUNPATH_SEARCH_PATHS = (
					"$(inherited)",
					"@executable_path/../Frameworks",
					"@loader_path/../Frameworks",
				);
				PRODUCT_BUNDLE_IDENTIFIER = com.oscarnord.LightSwitchTests;
				PRODUCT_NAME = "$(TARGET_NAME)";
				SWIFT_VERSION = 5.0;
				TEST_HOST = "$(BUILT_PRODUCTS_DIR)/LightSwitch.app/Contents/MacOS/LightSwitch";
			};
			name = Release;
		};
		5548592B227D886100754AA9 /* Debug */ = {
			isa = XCBuildConfiguration;
			buildSettings = {
				ALWAYS_EMBED_SWIFT_STANDARD_LIBRARIES = YES;
				CODE_SIGN_STYLE = Automatic;
				COMBINE_HIDPI_IMAGES = YES;
				DEVELOPMENT_TEAM = 9JFT83BZMT;
				INFOPLIST_FILE = LightSwitchUITests/Info.plist;
				LD_RUNPATH_SEARCH_PATHS = (
					"$(inherited)",
					"@executable_path/../Frameworks",
					"@loader_path/../Frameworks",
				);
				PRODUCT_BUNDLE_IDENTIFIER = com.oscarnord.LightSwitchUITests;
				PRODUCT_NAME = "$(TARGET_NAME)";
				SWIFT_VERSION = 5.0;
				TEST_TARGET_NAME = LightSwitch;
			};
			name = Debug;
		};
		5548592C227D886100754AA9 /* Release */ = {
			isa = XCBuildConfiguration;
			buildSettings = {
				ALWAYS_EMBED_SWIFT_STANDARD_LIBRARIES = YES;
				CODE_SIGN_STYLE = Automatic;
				COMBINE_HIDPI_IMAGES = YES;
				DEVELOPMENT_TEAM = 9JFT83BZMT;
				INFOPLIST_FILE = LightSwitchUITests/Info.plist;
				LD_RUNPATH_SEARCH_PATHS = (
					"$(inherited)",
					"@executable_path/../Frameworks",
					"@loader_path/../Frameworks",
				);
				PRODUCT_BUNDLE_IDENTIFIER = com.oscarnord.LightSwitchUITests;
				PRODUCT_NAME = "$(TARGET_NAME)";
				SWIFT_VERSION = 5.0;
				TEST_TARGET_NAME = LightSwitch;
			};
			name = Release;
		};
/* End XCBuildConfiguration section */

/* Begin XCConfigurationList section */
		554858F9227D885F00754AA9 /* Build configuration list for PBXProject "LightSwitch" */ = {
			isa = XCConfigurationList;
			buildConfigurations = (
				55485922227D886100754AA9 /* Debug */,
				55485923227D886100754AA9 /* Release */,
			);
			defaultConfigurationIsVisible = 0;
			defaultConfigurationName = Release;
		};
		55485924227D886100754AA9 /* Build configuration list for PBXNativeTarget "LightSwitch" */ = {
			isa = XCConfigurationList;
			buildConfigurations = (
				55485925227D886100754AA9 /* Debug */,
				55485926227D886100754AA9 /* Release */,
			);
			defaultConfigurationIsVisible = 0;
			defaultConfigurationName = Release;
		};
		55485927227D886100754AA9 /* Build configuration list for PBXNativeTarget "LightSwitchTests" */ = {
			isa = XCConfigurationList;
			buildConfigurations = (
				55485928227D886100754AA9 /* Debug */,
				55485929227D886100754AA9 /* Release */,
			);
			defaultConfigurationIsVisible = 0;
			defaultConfigurationName = Release;
		};
		5548592A227D886100754AA9 /* Build configuration list for PBXNativeTarget "LightSwitchUITests" */ = {
			isa = XCConfigurationList;
			buildConfigurations = (
				5548592B227D886100754AA9 /* Debug */,
				5548592C227D886100754AA9 /* Release */,
			);
			defaultConfigurationIsVisible = 0;
			defaultConfigurationName = Release;
		};
/* End XCConfigurationList section */
	};
	rootObject = 554858F6227D885F00754AA9 /* Project object */;
}
